
Microsoft Visual Studio Solution File, Format Version 12.00
# Visual Studio 15
VisualStudioVersion = 15.0.26403.3
MinimumVisualStudioVersion = 10.0.40219.1
Project("{FAE04EC0-301F-11D3-BF4B-00C04F79EFBC}") = "EFFC.ChakraCore", "EFFC.ChakraCore\EFFC.ChakraCore.csproj", "{0B00A9D4-84F8-436A-BA68-12616817F462}"
EndProject
Project("{FAE04EC0-301F-11D3-BF4B-00C04F79EFBC}") = "EFFC.VRoomJs", "EFFC.VRoomJs\EFFC.VRoomJs.csproj", "{2A1451EE-9C19-42AD-86A9-35F4FE5DC49B}"
EndProject
Project("{FAE04EC0-301F-11D3-BF4B-00C04F79EFBC}") = "Test", "Test\Test.csproj", "{5A1A9B78-0C90-4BBA-B69E-2C615733425D}"
EndProject
Global
	GlobalSection(SolutionConfigurationPlatforms) = preSolution
		Debug|Any CPU = Debug|Any CPU
		Release|Any CPU = Release|Any CPU
	EndGlobalSection
	GlobalSection(ProjectConfigurationPlatforms) = postSolution
		{0B00A9D4-84F8-436A-BA68-12616817F462}.Debug|Any CPU.ActiveCfg = Debug|Any CPU
		{0B00A9D4-84F8-436A-BA68-12616817F462}.Debug|Any CPU.Build.0 = Debug|Any CPU
		{0B00A9D4-84F8-436A-BA68-12616817F462}.Release|Any CPU.ActiveCfg = Release|Any CPU
		{0B00A9D4-84F8-436A-BA68-12616817F462}.Release|Any CPU.Build.0 = Release|Any CPU
		{2A1451EE-9C19-42AD-86A9-35F4FE5DC49B}.Debug|Any CPU.ActiveCfg = Debug|Any CPU
		{2A1451EE-9C19-42AD-86A9-35F4FE5DC49B}.Debug|Any CPU.Build.0 = Debug|Any CPU
		{2A1451EE-9C19-42AD-86A9-35F4FE5DC49B}.Release|Any CPU.ActiveCfg = Release|Any CPU
		{2A1451EE-9C19-42AD-86A9-35F4FE5DC49B}.Release|Any CPU.Build.0 = Release|Any CPU
		{5A1A9B78-0C90-4BBA-B69E-2C615733425D}.Debug|Any CPU.ActiveCfg = Debug|Any CPU
		{5A1A9B78-0C90-4BBA-B69E-2C615733425D}.Debug|Any CPU.Build.0 = Debug|Any CPU
		{5A1A9B78-0C90-4BBA-B69E-2C615733425D}.Release|Any CPU.ActiveCfg = Release|Any CPU
		{5A1A9B78-0C90-4BBA-B69E-2C615733425D}.Release|Any CPU.Build.0 = Release|Any CPU
	EndGlobalSection
	GlobalSection(SolutionProperties) = preSolution
		HideSolutionNode = FALSE
	EndGlobalSection
EndGlobal
